
Microsoft Visual Studio Solution File, Format Version 12.00
# Visual Studio 14
VisualStudioVersion = 14.0.24720.0
MinimumVisualStudioVersion = 10.0.40219.1
Project("{FAE04EC0-301F-11D3-BF4B-00C04F79EFBC}") = "LGroup.SisAgendaTOP.UI.Web", "LGroup.SisAgendaTOP.UI.Web\LGroup.SisAgendaTOP.UI.Web.csproj", "{B751207B-1A54-49B7-A386-532B4C7F8627}"
EndProject
Project("{FAE04EC0-301F-11D3-BF4B-00C04F79EFBC}") = "LGroup.SisAgendaTOP.Model", "LGroup.SisAgendaTOP.Model\LGroup.SisAgendaTOP.Model.csproj", "{26FBC90F-5FD0-4F05-8E5C-AA5ECF7135B8}"
EndProject
Project("{FAE04EC0-301F-11D3-BF4B-00C04F79EFBC}") = "LGroup.SisAgendaTOP.DataAccess", "LGroup.SisAgendaTOP.DataAccess\LGroup.SisAgendaTOP.DataAccess.csproj", "{1A03F7BF-9143-4D04-9305-FA6344B2A7CE}"
EndProject
Project("{FAE04EC0-301F-11D3-BF4B-00C04F79EFBC}") = "LGroup.SisAgendaTOP.Repository", "LGroup.SisAgendaTOP.Repository\LGroup.SisAgendaTOP.Repository.csproj", "{0D2EBA4A-ABC5-42E6-AAB7-6DC0B73795D8}"
EndProject
Project("{2150E333-8FDC-42A3-9474-1A3956D46DE8}") = "BANCO", "BANCO", "{499B81EE-5139-40A6-A90B-A300F4F20AB5}"
EndProject
Project("{2150E333-8FDC-42A3-9474-1A3956D46DE8}") = "TELAS", "TELAS", "{54312A2D-5ED9-4F94-A862-1E128B4D642D}"
EndProject
Project("{2150E333-8FDC-42A3-9474-1A3956D46DE8}") = "ARMAZENAMENTO DE DADOS", "ARMAZENAMENTO DE DADOS", "{ABCBFB84-8220-4471-AD85-1DA38CAC58D9}"
EndProject
Project("{FAE04EC0-301F-11D3-BF4B-00C04F79EFBC}") = "LGroup.SisAgendaTOP.Test", "LGroup.SisAgendaTOP.Test\LGroup.SisAgendaTOP.Test.csproj", "{18E9B940-A676-4FAA-9913-5BF1FF1BB6F2}"
EndProject
Project("{2150E333-8FDC-42A3-9474-1A3956D46DE8}") = "TESTES", "TESTES", "{C518721E-F2D9-4CE2-91E1-30F4EC310898}"
EndProject
Global
	GlobalSection(SolutionConfigurationPlatforms) = preSolution
		Debug|Any CPU = Debug|Any CPU
		Release|Any CPU = Release|Any CPU
	EndGlobalSection
	GlobalSection(ProjectConfigurationPlatforms) = postSolution
		{B751207B-1A54-49B7-A386-532B4C7F8627}.Debug|Any CPU.ActiveCfg = Debug|Any CPU
		{B751207B-1A54-49B7-A386-532B4C7F8627}.Debug|Any CPU.Build.0 = Debug|Any CPU
		{B751207B-1A54-49B7-A386-532B4C7F8627}.Release|Any CPU.ActiveCfg = Release|Any CPU
		{B751207B-1A54-49B7-A386-532B4C7F8627}.Release|Any CPU.Build.0 = Release|Any CPU
		{26FBC90F-5FD0-4F05-8E5C-AA5ECF7135B8}.Debug|Any CPU.ActiveCfg = Debug|Any CPU
		{26FBC90F-5FD0-4F05-8E5C-AA5ECF7135B8}.Debug|Any CPU.Build.0 = Debug|Any CPU
		{26FBC90F-5FD0-4F05-8E5C-AA5ECF7135B8}.Release|Any CPU.ActiveCfg = Release|Any CPU
		{26FBC90F-5FD0-4F05-8E5C-AA5ECF7135B8}.Release|Any CPU.Build.0 = Release|Any CPU
		{1A03F7BF-9143-4D04-9305-FA6344B2A7CE}.Debug|Any CPU.ActiveCfg = Debug|Any CPU
		{1A03F7BF-9143-4D04-9305-FA6344B2A7CE}.Debug|Any CPU.Build.0 = Debug|Any CPU
		{1A03F7BF-9143-4D04-9305-FA6344B2A7CE}.Release|Any CPU.ActiveCfg = Release|Any CPU
		{1A03F7BF-9143-4D04-9305-FA6344B2A7CE}.Release|Any CPU.Build.0 = Release|Any CPU
		{0D2EBA4A-ABC5-42E6-AAB7-6DC0B73795D8}.Debug|Any CPU.ActiveCfg = Debug|Any CPU
		{0D2EBA4A-ABC5-42E6-AAB7-6DC0B73795D8}.Debug|Any CPU.Build.0 = Debug|Any CPU
		{0D2EBA4A-ABC5-42E6-AAB7-6DC0B73795D8}.Release|Any CPU.ActiveCfg = Release|Any CPU
		{0D2EBA4A-ABC5-42E6-AAB7-6DC0B73795D8}.Release|Any CPU.Build.0 = Release|Any CPU
		{18E9B940-A676-4FAA-9913-5BF1FF1BB6F2}.Debug|Any CPU.ActiveCfg = Debug|Any CPU
		{18E9B940-A676-4FAA-9913-5BF1FF1BB6F2}.Debug|Any CPU.Build.0 = Debug|Any CPU
		{18E9B940-A676-4FAA-9913-5BF1FF1BB6F2}.Release|Any CPU.ActiveCfg = Release|Any CPU
		{18E9B940-A676-4FAA-9913-5BF1FF1BB6F2}.Release|Any CPU.Build.0 = Release|Any CPU
	EndGlobalSection
	GlobalSection(SolutionProperties) = preSolution
		HideSolutionNode = FALSE
	EndGlobalSection
	GlobalSection(NestedProjects) = preSolution
		{B751207B-1A54-49B7-A386-532B4C7F8627} = {54312A2D-5ED9-4F94-A862-1E128B4D642D}
		{26FBC90F-5FD0-4F05-8E5C-AA5ECF7135B8} = {ABCBFB84-8220-4471-AD85-1DA38CAC58D9}
		{1A03F7BF-9143-4D04-9305-FA6344B2A7CE} = {499B81EE-5139-40A6-A90B-A300F4F20AB5}
		{0D2EBA4A-ABC5-42E6-AAB7-6DC0B73795D8} = {499B81EE-5139-40A6-A90B-A300F4F20AB5}
		{18E9B940-A676-4FAA-9913-5BF1FF1BB6F2} = {C518721E-F2D9-4CE2-91E1-30F4EC310898}
	EndGlobalSection
EndGlobal
